{
  "name": "@coder-mike/poc-infra-generator",
  "version": "0.0.1",
  "lockfileVersion": 2,
  "requires": true,
  "packages": {
    "": {
      "name": "@coder-mike/poc-infra-generator",
      "version": "0.0.1",
      "license": "MIT",
      "dependencies": {
        "@tsconfig/node20": "^1.0.1",
        "@types/node": "^20.3.1"
      },
      "devDependencies": {}
    },
    "node_modules/@tsconfig/node20": {
      "version": "1.0.1",
      "resolved": "https://registry.npmjs.org/@tsconfig/node20/-/node20-1.0.1.tgz",
      "integrity": "sha512-ovd+Yu8j7zgVXA3jRfLRXGknScbVwg9p+R9k4/0EVJzymxokkyoib2Hjt1A2hGK5qehqBIwV8NYvUF/rG+2+wQ=="
    },
    "node_modules/@types/node": {
      "version": "20.3.1",
      "resolved": "https://registry.npmjs.org/@types/node/-/node-20.3.1.tgz",
      "integrity": "sha512-EhcH/wvidPy1WeML3TtYFGR83UzjxeWRen9V402T8aUGYsCHOmfoisV3ZSg03gAFIbLq8TnWOJ0f4cALtnSEUg=="
    }
  },
  "dependencies": {
    "@tsconfig/node20": {
      "version": "1.0.1",
      "resolved": "https://registry.npmjs.org/@tsconfig/node20/-/node20-1.0.1.tgz",
      "integrity": "sha512-ovd+Yu8j7zgVXA3jRfLRXGknScbVwg9p+R9k4/0EVJzymxokkyoib2Hjt1A2hGK5qehqBIwV8NYvUF/rG+2+wQ=="
    },
    "@types/node": {
      "version": "20.3.1",
      "resolved": "https://registry.npmjs.org/@types/node/-/node-20.3.1.tgz",
      "integrity": "sha512-EhcH/wvidPy1WeML3TtYFGR83UzjxeWRen9V402T8aUGYsCHOmfoisV3ZSg03gAFIbLq8TnWOJ0f4cALtnSEUg=="
    }
  }
}
